
Microsoft Visual Studio Solution File, Format Version 12.00
# Visual Studio Version 17
VisualStudioVersion = 17.11.35327.3
MinimumVisualStudioVersion = 10.0.40219.1
Project("{FAE04EC0-301F-11D3-BF4B-00C04F79EFBC}") = "SacannerLocal", "SacannerLocal.csproj", "{86B7CA35-CDF9-4A15-BCDC-D5351593F7C0}"
EndProject
Global
	GlobalSection(SolutionConfigurationPlatforms) = preSolution
		Debug|Any CPU = Debug|Any CPU
		Release|Any CPU = Release|Any CPU
	EndGlobalSection
	GlobalSection(ProjectConfigurationPlatforms) = postSolution
		{86B7CA35-CDF9-4A15-BCDC-D5351593F7C0}.Debug|Any CPU.ActiveCfg = Debug|Any CPU
		{86B7CA35-CDF9-4A15-BCDC-D5351593F7C0}.Debug|Any CPU.Build.0 = Debug|Any CPU
		{86B7CA35-CDF9-4A15-BCDC-D5351593F7C0}.Release|Any CPU.ActiveCfg = Release|Any CPU
		{86B7CA35-CDF9-4A15-BCDC-D5351593F7C0}.Release|Any CPU.Build.0 = Release|Any CPU
	EndGlobalSection
	GlobalSection(SolutionProperties) = preSolution
		HideSolutionNode = FALSE
	EndGlobalSection
	GlobalSection(ExtensibilityGlobals) = postSolution
		SolutionGuid = {F31A0431-72A9-4E16-B54E-30D6F70C9D9F}
	EndGlobalSection
EndGlobal
